// !$*UTF8*$!
{
	archiveVersion = 1;
	classes = {
	};
	objectVersion = 46;
	objects = {

/* Begin PBXBuildFile section */
		0FB0920AADE0C841C7658DF8 /* Pods_FriedChicken.framework in Frameworks */ = {isa = PBXBuildFile; fileRef = 15CE58BC1B316F6C77582902 /* Pods_FriedChicken.framework */; };
		7FE544931C422CCB003A4E6A /* ib.csv in Resources */ = {isa = PBXBuildFile; fileRef = 7FE5448F1C422CCB003A4E6A /* ib.csv */; };
		7FE544941C422CCB003A4E6A /* iw.csv in Resources */ = {isa = PBXBuildFile; fileRef = 7FE544901C422CCB003A4E6A /* iw.csv */; };
		7FE544951C422CCB003A4E6A /* ob.csv in Resources */ = {isa = PBXBuildFile; fileRef = 7FE544911C422CCB003A4E6A /* ob.csv */; };
		7FE544961C422CCB003A4E6A /* ow.csv in Resources */ = {isa = PBXBuildFile; fileRef = 7FE544921C422CCB003A4E6A /* ow.csv */; };
		B32436281C2AC2B50016B40D /* AppDelegate.swift in Sources */ = {isa = PBXBuildFile; fileRef = B32436271C2AC2B50016B40D /* AppDelegate.swift */; };
		B324362A1C2AC2B50016B40D /* HomeViewController.swift in Sources */ = {isa = PBXBuildFile; fileRef = B32436291C2AC2B50016B40D /* HomeViewController.swift */; };
		B324362D1C2AC2B50016B40D /* Main.storyboard in Resources */ = {isa = PBXBuildFile; fileRef = B324362B1C2AC2B50016B40D /* Main.storyboard */; };
		B324362F1C2AC2B50016B40D /* Assets.xcassets in Resources */ = {isa = PBXBuildFile; fileRef = B324362E1C2AC2B50016B40D /* Assets.xcassets */; };
		B32436321C2AC2B50016B40D /* LaunchScreen.storyboard in Resources */ = {isa = PBXBuildFile; fileRef = B32436301C2AC2B50016B40D /* LaunchScreen.storyboard */; };
		B39702781C39597200C32514 /* ChickenAnalyzer.swift in Sources */ = {isa = PBXBuildFile; fileRef = B39702771C39597200C32514 /* ChickenAnalyzer.swift */; };
		B397027A1C395F2600C32514 /* ResultViewController.swift in Sources */ = {isa = PBXBuildFile; fileRef = B39702791C395F2600C32514 /* ResultViewController.swift */; };
/* End PBXBuildFile section */

/* Begin PBXFileReference section */
		15CE58BC1B316F6C77582902 /* Pods_FriedChicken.framework */ = {isa = PBXFileReference; explicitFileType = wrapper.framework; includeInIndex = 0; path = Pods_FriedChicken.framework; sourceTree = BUILT_PRODUCTS_DIR; };
		7FE5448F1C422CCB003A4E6A /* ib.csv */ = {isa = PBXFileReference; fileEncoding = 4; lastKnownFileType = text; path = ib.csv; sourceTree = "<group>"; };
		7FE544901C422CCB003A4E6A /* iw.csv */ = {isa = PBXFileReference; fileEncoding = 4; lastKnownFileType = text; path = iw.csv; sourceTree = "<group>"; };
		7FE544911C422CCB003A4E6A /* ob.csv */ = {isa = PBXFileReference; fileEncoding = 4; lastKnownFileType = text; path = ob.csv; sourceTree = "<group>"; };
		7FE544921C422CCB003A4E6A /* ow.csv */ = {isa = PBXFileReference; fileEncoding = 4; lastKnownFileType = text; path = ow.csv; sourceTree = "<group>"; };
		8EC07D8051DA7AE067EBD4D5 /* Pods-FriedChicken.release.xcconfig */ = {isa = PBXFileReference; includeInIndex = 1; lastKnownFileType = text.xcconfig; name = "Pods-FriedChicken.release.xcconfig"; path = "Pods/Target Support Files/Pods-FriedChicken/Pods-FriedChicken.release.xcconfig"; sourceTree = "<group>"; };
		B32436241C2AC2B50016B40D /* FriedChicken.app */ = {isa = PBXFileReference; explicitFileType = wrapper.application; includeInIndex = 0; path = FriedChicken.app; sourceTree = BUILT_PRODUCTS_DIR; };
		B32436271C2AC2B50016B40D /* AppDelegate.swift */ = {isa = PBXFileReference; lastKnownFileType = sourcecode.swift; path = AppDelegate.swift; sourceTree = "<group>"; };
		B32436291C2AC2B50016B40D /* HomeViewController.swift */ = {isa = PBXFileReference; lastKnownFileType = sourcecode.swift; path = HomeViewController.swift; sourceTree = "<group>"; };
		B324362C1C2AC2B50016B40D /* Base */ = {isa = PBXFileReference; lastKnownFileType = file.storyboard; name = Base; path = Base.lproj/Main.storyboard; sourceTree = "<group>"; };
		B324362E1C2AC2B50016B40D /* Assets.xcassets */ = {isa = PBXFileReference; lastKnownFileType = folder.assetcatalog; path = Assets.xcassets; sourceTree = "<group>"; };
		B32436311C2AC2B50016B40D /* Base */ = {isa = PBXFileReference; lastKnownFileType = file.storyboard; name = Base; path = Base.lproj/LaunchScreen.storyboard; sourceTree = "<group>"; };
		B32436331C2AC2B50016B40D /* Info.plist */ = {isa = PBXFileReference; lastKnownFileType = text.plist.xml; path = Info.plist; sourceTree = "<group>"; };
		B39702771C39597200C32514 /* ChickenAnalyzer.swift */ = {isa = PBXFileReference; fileEncoding = 4; lastKnownFileType = sourcecode.swift; path = ChickenAnalyzer.swift; sourceTree = "<group>"; };
		B39702791C395F2600C32514 /* ResultViewController.swift */ = {isa = PBXFileReference; fileEncoding = 4; lastKnownFileType = sourcecode.swift; path = ResultViewController.swift; sourceTree = "<group>"; };
		F34A965C7E5F5582E584D425 /* Pods-FriedChicken.debug.xcconfig */ = {isa = PBXFileReference; includeInIndex = 1; lastKnownFileType = text.xcconfig; name = "Pods-FriedChicken.debug.xcconfig"; path = "Pods/Target Support Files/Pods-FriedChicken/Pods-FriedChicken.debug.xcconfig"; sourceTree = "<group>"; };
/* End PBXFileReference section */

/* Begin PBXFrameworksBuildPhase section */
		B32436211C2AC2B50016B40D /* Frameworks */ = {
			isa = PBXFrameworksBuildPhase;
			buildActionMask = 2147483647;
			files = (
				0FB0920AADE0C841C7658DF8 /* Pods_FriedChicken.framework in Frameworks */,
			);
			runOnlyForDeploymentPostprocessing = 0;
		};
/* End PBXFrameworksBuildPhase section */

/* Begin PBXGroup section */
		7FE5448E1C422CCB003A4E6A /* param */ = {
			isa = PBXGroup;
			children = (
				7FE5448F1C422CCB003A4E6A /* ib.csv */,
				7FE544901C422CCB003A4E6A /* iw.csv */,
				7FE544911C422CCB003A4E6A /* ob.csv */,
				7FE544921C422CCB003A4E6A /* ow.csv */,
			);
			path = param;
			sourceTree = "<group>";
		};
		89FB5C368971BBCD5C270528 /* Pods */ = {
			isa = PBXGroup;
			children = (
				F34A965C7E5F5582E584D425 /* Pods-FriedChicken.debug.xcconfig */,
				8EC07D8051DA7AE067EBD4D5 /* Pods-FriedChicken.release.xcconfig */,
			);
			name = Pods;
			sourceTree = "<group>";
		};
		B324361B1C2AC2B50016B40D = {
			isa = PBXGroup;
			children = (
				B32436261C2AC2B50016B40D /* FriedChicken */,
				B32436251C2AC2B50016B40D /* Products */,
				89FB5C368971BBCD5C270528 /* Pods */,
				E2E66ACFA31DA6C5E2BBF7E1 /* Frameworks */,
			);
			sourceTree = "<group>";
		};
		B32436251C2AC2B50016B40D /* Products */ = {
			isa = PBXGroup;
			children = (
				B32436241C2AC2B50016B40D /* FriedChicken.app */,
			);
			name = Products;
			sourceTree = "<group>";
		};
		B32436261C2AC2B50016B40D /* FriedChicken */ = {
			isa = PBXGroup;
			children = (
				B32436271C2AC2B50016B40D /* AppDelegate.swift */,
				B32436291C2AC2B50016B40D /* HomeViewController.swift */,
				B324362B1C2AC2B50016B40D /* Main.storyboard */,
				7FE5448E1C422CCB003A4E6A /* param */,
				B324362E1C2AC2B50016B40D /* Assets.xcassets */,
				B32436301C2AC2B50016B40D /* LaunchScreen.storyboard */,
				B32436331C2AC2B50016B40D /* Info.plist */,
				B39702771C39597200C32514 /* ChickenAnalyzer.swift */,
				B39702791C395F2600C32514 /* ResultViewController.swift */,
			);
			path = FriedChicken;
			sourceTree = "<group>";
		};
		E2E66ACFA31DA6C5E2BBF7E1 /* Frameworks */ = {
			isa = PBXGroup;
			children = (
				15CE58BC1B316F6C77582902 /* Pods_FriedChicken.framework */,
			);
			name = Frameworks;
			sourceTree = "<group>";
		};
/* End PBXGroup section */

/* Begin PBXNativeTarget section */
		B32436231C2AC2B50016B40D /* FriedChicken */ = {
			isa = PBXNativeTarget;
			buildConfigurationList = B32436361C2AC2B50016B40D /* Build configuration list for PBXNativeTarget "FriedChicken" */;
			buildPhases = (
				7C1B68D24F440A9DC1470CAE /* Check Pods Manifest.lock */,
				B32436201C2AC2B50016B40D /* Sources */,
				B32436211C2AC2B50016B40D /* Frameworks */,
				B32436221C2AC2B50016B40D /* Resources */,
				3E7A5D7D1262758F0BC1BD6B /* Embed Pods Frameworks */,
				D1B7086D636C20AE199E415A /* Copy Pods Resources */,
				B38A0BE51C50B4F900DE8BBD /* ShellScript */,
			);
			buildRules = (
			);
			dependencies = (
			);
			name = FriedChicken;
			productName = FriedChicken;
			productReference = B32436241C2AC2B50016B40D /* FriedChicken.app */;
			productType = "com.apple.product-type.application";
		};
/* End PBXNativeTarget section */

/* Begin PBXProject section */
		B324361C1C2AC2B50016B40D /* Project object */ = {
			isa = PBXProject;
			attributes = {
				LastSwiftUpdateCheck = 0720;
				LastUpgradeCheck = 0720;
				ORGANIZATIONNAME = "Japan Karaage Association";
				TargetAttributes = {
					B32436231C2AC2B50016B40D = {
						CreatedOnToolsVersion = 7.2;
						DevelopmentTeam = X44C4JR5JV;
					};
				};
			};
			buildConfigurationList = B324361F1C2AC2B50016B40D /* Build configuration list for PBXProject "FriedChicken" */;
			compatibilityVersion = "Xcode 3.2";
			developmentRegion = English;
			hasScannedForEncodings = 0;
			knownRegions = (
				en,
				Base,
			);
			mainGroup = B324361B1C2AC2B50016B40D;
			productRefGroup = B32436251C2AC2B50016B40D /* Products */;
			projectDirPath = "";
			projectRoot = "";
			targets = (
				B32436231C2AC2B50016B40D /* FriedChicken */,
			);
		};
/* End PBXProject section */

/* Begin PBXResourcesBuildPhase section */
		B32436221C2AC2B50016B40D /* Resources */ = {
			isa = PBXResourcesBuildPhase;
			buildActionMask = 2147483647;
			files = (
				7FE544941C422CCB003A4E6A /* iw.csv in Resources */,
				B32436321C2AC2B50016B40D /* LaunchScreen.storyboard in Resources */,
				B324362F1C2AC2B50016B40D /* Assets.xcassets in Resources */,
				7FE544961C422CCB003A4E6A /* ow.csv in Resources */,
				B324362D1C2AC2B50016B40D /* Main.storyboard in Resources */,
				7FE544931C422CCB003A4E6A /* ib.csv in Resources */,
				7FE544951C422CCB003A4E6A /* ob.csv in Resources */,
			);
			runOnlyForDeploymentPostprocessing = 0;
		};
/* End PBXResourcesBuildPhase section */

/* Begin PBXShellScriptBuildPhase section */
		3E7A5D7D1262758F0BC1BD6B /* Embed Pods Frameworks */ = {
			isa = PBXShellScriptBuildPhase;
			buildActionMask = 2147483647;
			files = (
			);
			inputPaths = (
			);
			name = "Embed Pods Frameworks";
			outputPaths = (
			);
			runOnlyForDeploymentPostprocessing = 0;
			shellPath = /bin/sh;
			shellScript = "\"${SRCROOT}/Pods/Target Support Files/Pods-FriedChicken/Pods-FriedChicken-frameworks.sh\"\n";
			showEnvVarsInLog = 0;
		};
		7C1B68D24F440A9DC1470CAE /* Check Pods Manifest.lock */ = {
			isa = PBXShellScriptBuildPhase;
			buildActionMask = 2147483647;
			files = (
			);
			inputPaths = (
			);
			name = "Check Pods Manifest.lock";
			outputPaths = (
			);
			runOnlyForDeploymentPostprocessing = 0;
			shellPath = /bin/sh;
			shellScript = "diff \"${PODS_ROOT}/../Podfile.lock\" \"${PODS_ROOT}/Manifest.lock\" > /dev/null\nif [[ $? != 0 ]] ; then\n    cat << EOM\nerror: The sandbox is not in sync with the Podfile.lock. Run 'pod install' or update your CocoaPods installation.\nEOM\n    exit 1\nfi\n";
			showEnvVarsInLog = 0;
		};
		B38A0BE51C50B4F900DE8BBD /* ShellScript */ = {
			isa = PBXShellScriptBuildPhase;
			buildActionMask = 2147483647;
			files = (
			);
			inputPaths = (
			);
			outputPaths = (
			);
			runOnlyForDeploymentPostprocessing = 0;
			shellPath = /bin/sh;
			shellScript = "\"${PODS_ROOT}/Fabric/run\" 09f331b58bf638d3893751019e41fae0f4626df1 88e5977ce0489e272177de362e92c98447a8eaca3af950cf4e168aa585b6110f";
		};
		D1B7086D636C20AE199E415A /* Copy Pods Resources */ = {
			isa = PBXShellScriptBuildPhase;
			buildActionMask = 2147483647;
			files = (
			);
			inputPaths = (
			);
			name = "Copy Pods Resources";
			outputPaths = (
			);
			runOnlyForDeploymentPostprocessing = 0;
			shellPath = /bin/sh;
			shellScript = "\"${SRCROOT}/Pods/Target Support Files/Pods-FriedChicken/Pods-FriedChicken-resources.sh\"\n";
			showEnvVarsInLog = 0;
		};
/* End PBXShellScriptBuildPhase section */

/* Begin PBXSourcesBuildPhase section */
		B32436201C2AC2B50016B40D /* Sources */ = {
			isa = PBXSourcesBuildPhase;
			buildActionMask = 2147483647;
			files = (
				B39702781C39597200C32514 /* ChickenAnalyzer.swift in Sources */,
				B324362A1C2AC2B50016B40D /* HomeViewController.swift in Sources */,
				B32436281C2AC2B50016B40D /* AppDelegate.swift in Sources */,
				B397027A1C395F2600C32514 /* ResultViewController.swift in Sources */,
			);
			runOnlyForDeploymentPostprocessing = 0;
		};
/* End PBXSourcesBuildPhase section */

/* Begin PBXVariantGroup section */
		B324362B1C2AC2B50016B40D /* Main.storyboard */ = {
			isa = PBXVariantGroup;
			children = (
				B324362C1C2AC2B50016B40D /* Base */,
			);
			name = Main.storyboard;
			sourceTree = "<group>";
		};
		B32436301C2AC2B50016B40D /* LaunchScreen.storyboard */ = {
			isa = PBXVariantGroup;
			children = (
				B32436311C2AC2B50016B40D /* Base */,
			);
			name = LaunchScreen.storyboard;
			sourceTree = "<group>";
		};
/* End PBXVariantGroup section */

/* Begin XCBuildConfiguration section */
		B32436341C2AC2B50016B40D /* Debug */ = {
			isa = XCBuildConfiguration;
			buildSettings = {
				ALWAYS_SEARCH_USER_PATHS = NO;
				CLANG_CXX_LANGUAGE_STANDARD = "gnu++0x";
				CLANG_CXX_LIBRARY = "libc++";
				CLANG_ENABLE_MODULES = YES;
				CLANG_ENABLE_OBJC_ARC = YES;
				CLANG_WARN_BOOL_CONVERSION = YES;
				CLANG_WARN_CONSTANT_CONVERSION = YES;
				CLANG_WARN_DIRECT_OBJC_ISA_USAGE = YES_ERROR;
				CLANG_WARN_EMPTY_BODY = YES;
				CLANG_WARN_ENUM_CONVERSION = YES;
				CLANG_WARN_INT_CONVERSION = YES;
				CLANG_WARN_OBJC_ROOT_CLASS = YES_ERROR;
				CLANG_WARN_UNREACHABLE_CODE = YES;
				CLANG_WARN__DUPLICATE_METHOD_MATCH = YES;
				"CODE_SIGN_IDENTITY[sdk=iphoneos*]" = "iPhone Developer";
				COPY_PHASE_STRIP = NO;
				DEBUG_INFORMATION_FORMAT = dwarf;
				ENABLE_STRICT_OBJC_MSGSEND = YES;
				ENABLE_TESTABILITY = YES;
				GCC_C_LANGUAGE_STANDARD = gnu99;
				GCC_DYNAMIC_NO_PIC = NO;
				GCC_NO_COMMON_BLOCKS = YES;
				GCC_OPTIMIZATION_LEVEL = 0;
				GCC_PREPROCESSOR_DEFINITIONS = (
					"DEBUG=1",
					"$(inherited)",
				);
				GCC_WARN_64_TO_32_BIT_CONVERSION = YES;
				GCC_WARN_ABOUT_RETURN_TYPE = YES_ERROR;
				GCC_WARN_UNDECLARED_SELECTOR = YES;
				GCC_WARN_UNINITIALIZED_AUTOS = YES_AGGRESSIVE;
				GCC_WARN_UNUSED_FUNCTION = YES;
				GCC_WARN_UNUSED_VARIABLE = YES;
				IPHONEOS_DEPLOYMENT_TARGET = 9.2;
				MTL_ENABLE_DEBUG_INFO = YES;
				ONLY_ACTIVE_ARCH = YES;
				SDKROOT = iphoneos;
				SWIFT_OPTIMIZATION_LEVEL = "-Onone";
			};
			name = Debug;
		};
		B32436351C2AC2B50016B40D /* Release */ = {
			isa = XCBuildConfiguration;
			buildSettings = {
				ALWAYS_SEARCH_USER_PATHS = NO;
				CLANG_CXX_LANGUAGE_STANDARD = "gnu++0x";
				CLANG_CXX_LIBRARY = "libc++";
				CLANG_ENABLE_MODULES = YES;
				CLANG_ENABLE_OBJC_ARC = YES;
				CLANG_WARN_BOOL_CONVERSION = YES;
				CLANG_WARN_CONSTANT_CONVERSION = YES;
				CLANG_WARN_DIRECT_OBJC_ISA_USAGE = YES_ERROR;
				CLANG_WARN_EMPTY_BODY = YES;
				CLANG_WARN_ENUM_CONVERSION = YES;
				CLANG_WARN_INT_CONVERSION = YES;
				CLANG_WARN_OBJC_ROOT_CLASS = YES_ERROR;
				CLANG_WARN_UNREACHABLE_CODE = YES;
				CLANG_WARN__DUPLICATE_METHOD_MATCH = YES;
				"CODE_SIGN_IDENTITY[sdk=iphoneos*]" = "iPhone Developer";
				COPY_PHASE_STRIP = NO;
				DEBUG_INFORMATION_FORMAT = "dwarf-with-dsym";
				ENABLE_NS_ASSERTIONS = NO;
				ENABLE_STRICT_OBJC_MSGSEND = YES;
				GCC_C_LANGUAGE_STANDARD = gnu99;
				GCC_NO_COMMON_BLOCKS = YES;
				GCC_WARN_64_TO_32_BIT_CONVERSION = YES;
				GCC_WARN_ABOUT_RETURN_TYPE = YES_ERROR;
				GCC_WARN_UNDECLARED_SELECTOR = YES;
				GCC_WARN_UNINITIALIZED_AUTOS = YES_AGGRESSIVE;
				GCC_WARN_UNUSED_FUNCTION = YES;
				GCC_WARN_UNUSED_VARIABLE = YES;
				IPHONEOS_DEPLOYMENT_TARGET = 9.2;
				MTL_ENABLE_DEBUG_INFO = NO;
				SDKROOT = iphoneos;
				VALIDATE_PRODUCT = YES;
			};
			name = Release;
		};
		B32436371C2AC2B50016B40D /* Debug */ = {
			isa = XCBuildConfiguration;
			baseConfigurationReference = F34A965C7E5F5582E584D425 /* Pods-FriedChicken.debug.xcconfig */;
			buildSettings = {
				ASSETCATALOG_COMPILER_APPICON_NAME = AppIcon;
				CODE_SIGN_IDENTITY = "iPhone Developer";
				"CODE_SIGN_IDENTITY[sdk=iphoneos*]" = "iPhone Developer";
				INFOPLIST_FILE = FriedChicken/Info.plist;
				IPHONEOS_DEPLOYMENT_TARGET = 9.2;
				LD_RUNPATH_SEARCH_PATHS = "$(inherited) @executable_path/Frameworks";
				PRODUCT_BUNDLE_IDENTIFIER = "jp.ne.karaage.fried-chicken";
				PRODUCT_NAME = "$(TARGET_NAME)";
				PROVISIONING_PROFILE = "5d5d98c2-e2e9-4b57-b55f-b9e80959397d";
				TARGETED_DEVICE_FAMILY = 1;
			};
			name = Debug;
		};
		B32436381C2AC2B50016B40D /* Release */ = {
			isa = XCBuildConfiguration;
			baseConfigurationReference = 8EC07D8051DA7AE067EBD4D5 /* Pods-FriedChicken.release.xcconfig */;
			buildSettings = {
				ASSETCATALOG_COMPILER_APPICON_NAME = AppIcon;
				CODE_SIGN_IDENTITY = "iPhone Distribution";
				"CODE_SIGN_IDENTITY[sdk=iphoneos*]" = "iPhone Distribution";
				INFOPLIST_FILE = FriedChicken/Info.plist;
				IPHONEOS_DEPLOYMENT_TARGET = 9.2;
				LD_RUNPATH_SEARCH_PATHS = "$(inherited) @executable_path/Frameworks";
				PRODUCT_BUNDLE_IDENTIFIER = "jp.ne.karaage.fried-chicken";
				PRODUCT_NAME = "$(TARGET_NAME)";
				PROVISIONING_PROFILE = "6f80e91a-bae5-462b-bb52-04adfb7348f7";
				TARGETED_DEVICE_FAMILY = 1;
			};
			name = Release;
		};
/* End XCBuildConfiguration section */

/* Begin XCConfigurationList section */
		B324361F1C2AC2B50016B40D /* Build configuration list for PBXProject "FriedChicken" */ = {
			isa = XCConfigurationList;
			buildConfigurations = (
				B32436341C2AC2B50016B40D /* Debug */,
				B32436351C2AC2B50016B40D /* Release */,
			);
			defaultConfigurationIsVisible = 0;
			defaultConfigurationName = Release;
		};
		B32436361C2AC2B50016B40D /* Build configuration list for PBXNativeTarget "FriedChicken" */ = {
			isa = XCConfigurationList;
			buildConfigurations = (
				B32436371C2AC2B50016B40D /* Debug */,
				B32436381C2AC2B50016B40D /* Release */,
			);
			defaultConfigurationIsVisible = 0;
			defaultConfigurationName = Release;
		};
/* End XCConfigurationList section */
	};
	rootObject = B324361C1C2AC2B50016B40D /* Project object */;
}
